
Microsoft Visual Studio Solution File, Format Version 12.00
# Visual Studio Version 16
VisualStudioVersion = 16.0.30907.101
MinimumVisualStudioVersion = 10.0.40219.1
Project("{FAE04EC0-301F-11D3-BF4B-00C04F79EFBC}") = "BootcampExtensions", "BootcampExtensions\BootcampExtensions.csproj", "{C8B718FF-4B7C-408D-B7CA-0A8088B88309}"
EndProject
Global
	GlobalSection(SolutionConfigurationPlatforms) = preSolution
		Debug|Any CPU = Debug|Any CPU
		Release|Any CPU = Release|Any CPU
	EndGlobalSection
	GlobalSection(ProjectConfigurationPlatforms) = postSolution
		{C8B718FF-4B7C-408D-B7CA-0A8088B88309}.Debug|Any CPU.ActiveCfg = Debug|Any CPU
		{C8B718FF-4B7C-408D-B7CA-0A8088B88309}.Debug|Any CPU.Build.0 = Debug|Any CPU
		{C8B718FF-4B7C-408D-B7CA-0A8088B88309}.Release|Any CPU.ActiveCfg = Release|Any CPU
		{C8B718FF-4B7C-408D-B7CA-0A8088B88309}.Release|Any CPU.Build.0 = Release|Any CPU
	EndGlobalSection
	GlobalSection(SolutionProperties) = preSolution
		HideSolutionNode = FALSE
	EndGlobalSection
	GlobalSection(ExtensibilityGlobals) = postSolution
		SolutionGuid = {81A95751-5BD5-4B24-AF85-A104A3C0FB5A}
	EndGlobalSection
EndGlobal
