
Microsoft Visual Studio Solution File, Format Version 12.00
# Visual Studio 15
VisualStudioVersion = 15.0.26124.0
MinimumVisualStudioVersion = 15.0.26124.0
Project("{FAE04EC0-301F-11D3-BF4B-00C04F79EFBC}") = "HTask1", "Task1\HTask1.csproj", "{AC597BC1-10BC-4EDE-AD5F-94EEF6B584DC}"
EndProject
Project("{FAE04EC0-301F-11D3-BF4B-00C04F79EFBC}") = "TheMovieStore", "TheMovieStore\TheMovieStore.csproj", "{42A71E14-68A3-4BC0-AF4C-4C35ACE0ABA0}"
EndProject
Project("{FAE04EC0-301F-11D3-BF4B-00C04F79EFBC}") = "CleanCode", "CleanCode\CleanCode.csproj", "{B2081B3C-6393-452F-BF7C-9D73EE202C59}"
EndProject
Project("{FAE04EC0-301F-11D3-BF4B-00C04F79EFBC}") = "HTask2", "HTask2\HTask2.csproj", "{8F757501-CD9F-4CC8-AB44-C0E7D95B401F}"
EndProject
Project("{FAE04EC0-301F-11D3-BF4B-00C04F79EFBC}") = "HTask9", "HTask9\HTask9.csproj", "{520CF268-3B2D-4832-B9AF-49EF8F59696D}"
EndProject
Project("{FAE04EC0-301F-11D3-BF4B-00C04F79EFBC}") = "HTask4-5", "HTask4-5\HTask4-5.csproj", "{82AB5907-63AA-4B28-BDD5-5FBBBD52272F}"
EndProject
Project("{2150E333-8FDC-42A3-9474-1A3956D46DE8}") = "HTask4-5", "HTask4-5", "{417E1320-72E9-11EB-916F-01F333CF7F04}"
EndProject
Project("{FAE04EC0-301F-11D3-BF4B-00C04F79EFBC}") = "HTask6", "HTask6\HTask6.csproj", "{4B583C37-649A-40A4-80B0-DBA04AE26D4E}"
EndProject
Global
	GlobalSection(SolutionConfigurationPlatforms) = preSolution
		Debug|Any CPU = Debug|Any CPU
		Debug|x64 = Debug|x64
		Debug|x86 = Debug|x86
		Release|Any CPU = Release|Any CPU
		Release|x64 = Release|x64
		Release|x86 = Release|x86
	EndGlobalSection
	GlobalSection(SolutionProperties) = preSolution
		HideSolutionNode = FALSE
	EndGlobalSection
	GlobalSection(ProjectConfigurationPlatforms) = postSolution
		{AC597BC1-10BC-4EDE-AD5F-94EEF6B584DC}.Debug|Any CPU.ActiveCfg = Debug|Any CPU
		{AC597BC1-10BC-4EDE-AD5F-94EEF6B584DC}.Debug|Any CPU.Build.0 = Debug|Any CPU
		{AC597BC1-10BC-4EDE-AD5F-94EEF6B584DC}.Debug|x64.ActiveCfg = Debug|Any CPU
		{AC597BC1-10BC-4EDE-AD5F-94EEF6B584DC}.Debug|x64.Build.0 = Debug|Any CPU
		{AC597BC1-10BC-4EDE-AD5F-94EEF6B584DC}.Debug|x86.ActiveCfg = Debug|Any CPU
		{AC597BC1-10BC-4EDE-AD5F-94EEF6B584DC}.Debug|x86.Build.0 = Debug|Any CPU
		{AC597BC1-10BC-4EDE-AD5F-94EEF6B584DC}.Release|Any CPU.ActiveCfg = Release|Any CPU
		{AC597BC1-10BC-4EDE-AD5F-94EEF6B584DC}.Release|Any CPU.Build.0 = Release|Any CPU
		{AC597BC1-10BC-4EDE-AD5F-94EEF6B584DC}.Release|x64.ActiveCfg = Release|Any CPU
		{AC597BC1-10BC-4EDE-AD5F-94EEF6B584DC}.Release|x64.Build.0 = Release|Any CPU
		{AC597BC1-10BC-4EDE-AD5F-94EEF6B584DC}.Release|x86.ActiveCfg = Release|Any CPU
		{AC597BC1-10BC-4EDE-AD5F-94EEF6B584DC}.Release|x86.Build.0 = Release|Any CPU
		{42A71E14-68A3-4BC0-AF4C-4C35ACE0ABA0}.Debug|Any CPU.ActiveCfg = Debug|Any CPU
		{42A71E14-68A3-4BC0-AF4C-4C35ACE0ABA0}.Debug|Any CPU.Build.0 = Debug|Any CPU
		{42A71E14-68A3-4BC0-AF4C-4C35ACE0ABA0}.Debug|x64.ActiveCfg = Debug|Any CPU
		{42A71E14-68A3-4BC0-AF4C-4C35ACE0ABA0}.Debug|x64.Build.0 = Debug|Any CPU
		{42A71E14-68A3-4BC0-AF4C-4C35ACE0ABA0}.Debug|x86.ActiveCfg = Debug|Any CPU
		{42A71E14-68A3-4BC0-AF4C-4C35ACE0ABA0}.Debug|x86.Build.0 = Debug|Any CPU
		{42A71E14-68A3-4BC0-AF4C-4C35ACE0ABA0}.Release|Any CPU.ActiveCfg = Release|Any CPU
		{42A71E14-68A3-4BC0-AF4C-4C35ACE0ABA0}.Release|Any CPU.Build.0 = Release|Any CPU
		{42A71E14-68A3-4BC0-AF4C-4C35ACE0ABA0}.Release|x64.ActiveCfg = Release|Any CPU
		{42A71E14-68A3-4BC0-AF4C-4C35ACE0ABA0}.Release|x64.Build.0 = Release|Any CPU
		{42A71E14-68A3-4BC0-AF4C-4C35ACE0ABA0}.Release|x86.ActiveCfg = Release|Any CPU
		{42A71E14-68A3-4BC0-AF4C-4C35ACE0ABA0}.Release|x86.Build.0 = Release|Any CPU
		{B2081B3C-6393-452F-BF7C-9D73EE202C59}.Debug|Any CPU.ActiveCfg = Debug|Any CPU
		{B2081B3C-6393-452F-BF7C-9D73EE202C59}.Debug|Any CPU.Build.0 = Debug|Any CPU
		{B2081B3C-6393-452F-BF7C-9D73EE202C59}.Debug|x64.ActiveCfg = Debug|Any CPU
		{B2081B3C-6393-452F-BF7C-9D73EE202C59}.Debug|x64.Build.0 = Debug|Any CPU
		{B2081B3C-6393-452F-BF7C-9D73EE202C59}.Debug|x86.ActiveCfg = Debug|Any CPU
		{B2081B3C-6393-452F-BF7C-9D73EE202C59}.Debug|x86.Build.0 = Debug|Any CPU
		{B2081B3C-6393-452F-BF7C-9D73EE202C59}.Release|Any CPU.ActiveCfg = Release|Any CPU
		{B2081B3C-6393-452F-BF7C-9D73EE202C59}.Release|Any CPU.Build.0 = Release|Any CPU
		{B2081B3C-6393-452F-BF7C-9D73EE202C59}.Release|x64.ActiveCfg = Release|Any CPU
		{B2081B3C-6393-452F-BF7C-9D73EE202C59}.Release|x64.Build.0 = Release|Any CPU
		{B2081B3C-6393-452F-BF7C-9D73EE202C59}.Release|x86.ActiveCfg = Release|Any CPU
		{B2081B3C-6393-452F-BF7C-9D73EE202C59}.Release|x86.Build.0 = Release|Any CPU
		{8F757501-CD9F-4CC8-AB44-C0E7D95B401F}.Debug|Any CPU.ActiveCfg = Debug|Any CPU
		{8F757501-CD9F-4CC8-AB44-C0E7D95B401F}.Debug|Any CPU.Build.0 = Debug|Any CPU
		{8F757501-CD9F-4CC8-AB44-C0E7D95B401F}.Debug|x64.ActiveCfg = Debug|Any CPU
		{8F757501-CD9F-4CC8-AB44-C0E7D95B401F}.Debug|x64.Build.0 = Debug|Any CPU
		{8F757501-CD9F-4CC8-AB44-C0E7D95B401F}.Debug|x86.ActiveCfg = Debug|Any CPU
		{8F757501-CD9F-4CC8-AB44-C0E7D95B401F}.Debug|x86.Build.0 = Debug|Any CPU
		{8F757501-CD9F-4CC8-AB44-C0E7D95B401F}.Release|Any CPU.ActiveCfg = Release|Any CPU
		{8F757501-CD9F-4CC8-AB44-C0E7D95B401F}.Release|Any CPU.Build.0 = Release|Any CPU
		{8F757501-CD9F-4CC8-AB44-C0E7D95B401F}.Release|x64.ActiveCfg = Release|Any CPU
		{8F757501-CD9F-4CC8-AB44-C0E7D95B401F}.Release|x64.Build.0 = Release|Any CPU
		{8F757501-CD9F-4CC8-AB44-C0E7D95B401F}.Release|x86.ActiveCfg = Release|Any CPU
		{8F757501-CD9F-4CC8-AB44-C0E7D95B401F}.Release|x86.Build.0 = Release|Any CPU
		{520CF268-3B2D-4832-B9AF-49EF8F59696D}.Debug|Any CPU.ActiveCfg = Debug|Any CPU
		{520CF268-3B2D-4832-B9AF-49EF8F59696D}.Debug|Any CPU.Build.0 = Debug|Any CPU
		{520CF268-3B2D-4832-B9AF-49EF8F59696D}.Debug|x64.ActiveCfg = Debug|Any CPU
		{520CF268-3B2D-4832-B9AF-49EF8F59696D}.Debug|x64.Build.0 = Debug|Any CPU
		{520CF268-3B2D-4832-B9AF-49EF8F59696D}.Debug|x86.ActiveCfg = Debug|Any CPU
		{520CF268-3B2D-4832-B9AF-49EF8F59696D}.Debug|x86.Build.0 = Debug|Any CPU
		{520CF268-3B2D-4832-B9AF-49EF8F59696D}.Release|Any CPU.ActiveCfg = Release|Any CPU
		{520CF268-3B2D-4832-B9AF-49EF8F59696D}.Release|Any CPU.Build.0 = Release|Any CPU
		{520CF268-3B2D-4832-B9AF-49EF8F59696D}.Release|x64.ActiveCfg = Release|Any CPU
		{520CF268-3B2D-4832-B9AF-49EF8F59696D}.Release|x64.Build.0 = Release|Any CPU
		{520CF268-3B2D-4832-B9AF-49EF8F59696D}.Release|x86.ActiveCfg = Release|Any CPU
		{520CF268-3B2D-4832-B9AF-49EF8F59696D}.Release|x86.Build.0 = Release|Any CPU
		{82AB5907-63AA-4B28-BDD5-5FBBBD52272F}.Debug|Any CPU.ActiveCfg = Debug|Any CPU
		{82AB5907-63AA-4B28-BDD5-5FBBBD52272F}.Debug|Any CPU.Build.0 = Debug|Any CPU
		{82AB5907-63AA-4B28-BDD5-5FBBBD52272F}.Debug|x64.ActiveCfg = Debug|Any CPU
		{82AB5907-63AA-4B28-BDD5-5FBBBD52272F}.Debug|x64.Build.0 = Debug|Any CPU
		{82AB5907-63AA-4B28-BDD5-5FBBBD52272F}.Debug|x86.ActiveCfg = Debug|Any CPU
		{82AB5907-63AA-4B28-BDD5-5FBBBD52272F}.Debug|x86.Build.0 = Debug|Any CPU
		{82AB5907-63AA-4B28-BDD5-5FBBBD52272F}.Release|Any CPU.ActiveCfg = Release|Any CPU
		{82AB5907-63AA-4B28-BDD5-5FBBBD52272F}.Release|Any CPU.Build.0 = Release|Any CPU
		{82AB5907-63AA-4B28-BDD5-5FBBBD52272F}.Release|x64.ActiveCfg = Release|Any CPU
		{82AB5907-63AA-4B28-BDD5-5FBBBD52272F}.Release|x64.Build.0 = Release|Any CPU
		{82AB5907-63AA-4B28-BDD5-5FBBBD52272F}.Release|x86.ActiveCfg = Release|Any CPU
		{82AB5907-63AA-4B28-BDD5-5FBBBD52272F}.Release|x86.Build.0 = Release|Any CPU
		{4B583C37-649A-40A4-80B0-DBA04AE26D4E}.Debug|Any CPU.ActiveCfg = Debug|Any CPU
		{4B583C37-649A-40A4-80B0-DBA04AE26D4E}.Debug|Any CPU.Build.0 = Debug|Any CPU
		{4B583C37-649A-40A4-80B0-DBA04AE26D4E}.Debug|x64.ActiveCfg = Debug|Any CPU
		{4B583C37-649A-40A4-80B0-DBA04AE26D4E}.Debug|x64.Build.0 = Debug|Any CPU
		{4B583C37-649A-40A4-80B0-DBA04AE26D4E}.Debug|x86.ActiveCfg = Debug|Any CPU
		{4B583C37-649A-40A4-80B0-DBA04AE26D4E}.Debug|x86.Build.0 = Debug|Any CPU
		{4B583C37-649A-40A4-80B0-DBA04AE26D4E}.Release|Any CPU.ActiveCfg = Release|Any CPU
		{4B583C37-649A-40A4-80B0-DBA04AE26D4E}.Release|Any CPU.Build.0 = Release|Any CPU
		{4B583C37-649A-40A4-80B0-DBA04AE26D4E}.Release|x64.ActiveCfg = Release|Any CPU
		{4B583C37-649A-40A4-80B0-DBA04AE26D4E}.Release|x64.Build.0 = Release|Any CPU
		{4B583C37-649A-40A4-80B0-DBA04AE26D4E}.Release|x86.ActiveCfg = Release|Any CPU
		{4B583C37-649A-40A4-80B0-DBA04AE26D4E}.Release|x86.Build.0 = Release|Any CPU
	EndGlobalSection
EndGlobal
